// !$*UTF8*$!
{
	archiveVersion = 1;
	classes = {
	};
	objectVersion = 46;
	objects = {

/* Begin PBXBuildFile section */
		E30F01A11BD646440091F90C /* block.cpp in Sources */ = {isa = PBXBuildFile; fileRef = E30F019F1BD646440091F90C /* block.cpp */; };
		E30F01A41BD646F50091F90C /* singleBlock.cpp in Sources */ = {isa = PBXBuildFile; fileRef = E30F01A21BD646F50091F90C /* singleBlock.cpp */; };
		E3156F2E1C3AC1AD0001B3D2 /* postproc.cpp in Sources */ = {isa = PBXBuildFile; fileRef = E3156F2C1C3AC1AD0001B3D2 /* postproc.cpp */; };
		E34642A21BD1329B007BB96D /* euler3d.cpp in Sources */ = {isa = PBXBuildFile; fileRef = E34642861BD1329B007BB96D /* euler3d.cpp */; };
		E34642A31BD1329B007BB96D /* MPICommunicator.cpp in Sources */ = {isa = PBXBuildFile; fileRef = E34642871BD1329B007BB96D /* MPICommunicator.cpp */; };
		E34642A41BD1329B007BB96D /* IOcontroller.cpp in Sources */ = {isa = PBXBuildFile; fileRef = E34642891BD1329B007BB96D /* IOcontroller.cpp */; };
		E34642A61BD1329B007BB96D /* physicsModel.cpp in Sources */ = {isa = PBXBuildFile; fileRef = E346428E1BD1329B007BB96D /* physicsModel.cpp */; };
		E34642A81BD1329B007BB96D /* NUC3d.cpp in Sources */ = {isa = PBXBuildFile; fileRef = E34642981BD1329B007BB96D /* NUC3d.cpp */; };
		E34642A91BD1329B007BB96D /* centraldifference6th.cpp in Sources */ = {isa = PBXBuildFile; fileRef = E34642991BD1329B007BB96D /* centraldifference6th.cpp */; };
		E34642AA1BD1329B007BB96D /* TVD-RK3.cpp in Sources */ = {isa = PBXBuildFile; fileRef = E346429B1BD1329B007BB96D /* TVD-RK3.cpp */; };
		E34642AB1BD1329B007BB96D /* weno5js.cpp in Sources */ = {isa = PBXBuildFile; fileRef = E346429C1BD1329B007BB96D /* weno5js.cpp */; };
		E34642AC1BD1329B007BB96D /* field.cpp in Sources */ = {isa = PBXBuildFile; fileRef = E346429E1BD1329B007BB96D /* field.cpp */; };
		E34642AD1BD1329B007BB96D /* MPICommunicatorBase.cpp in Sources */ = {isa = PBXBuildFile; fileRef = E346429F1BD1329B007BB96D /* MPICommunicatorBase.cpp */; };
		E38279D51C1DC79D00CBAB14 /* centraldifference2nd.cpp in Sources */ = {isa = PBXBuildFile; fileRef = E38279D31C1DC79D00CBAB14 /* centraldifference2nd.cpp */; };
		E38692CD1BE8F945001FB4EA /* eulerReactive3d.cpp in Sources */ = {isa = PBXBuildFile; fileRef = E38692CB1BE8F945001FB4EA /* eulerReactive3d.cpp */; };
		E38692D01BE8FA1E001FB4EA /* NaiverStokes3d.cpp in Sources */ = {isa = PBXBuildFile; fileRef = E38692CE1BE8FA1E001FB4EA /* NaiverStokes3d.cpp */; };
		E38692D31BE8FAF5001FB4EA /* NaiverStokesReactive3d.cpp in Sources */ = {isa = PBXBuildFile; fileRef = E38692D11BE8FAF5001FB4EA /* NaiverStokesReactive3d.cpp */; };
		E3A7AF471BEA1C2300385249 /* PDEData3d.cpp in Sources */ = {isa = PBXBuildFile; fileRef = E3A7AF451BEA1C2300385249 /* PDEData3d.cpp */; };
		E3A7C4F11BEB18F300F84DBF /* bufferData.cpp in Sources */ = {isa = PBXBuildFile; fileRef = E3A7C4EF1BEB18F300F84DBF /* bufferData.cpp */; };
		E3A7C4F41BEB1F7E00F84DBF /* boundaryConditions.cpp in Sources */ = {isa = PBXBuildFile; fileRef = E3A7C4F21BEB1F7E00F84DBF /* boundaryConditions.cpp */; };
		E3DAB3231C40C25000E255C1 /* boundaryScheme.cpp in Sources */ = {isa = PBXBuildFile; fileRef = E3DAB3211C40C25000E255C1 /* boundaryScheme.cpp */; };
		E3E5AEBF1C1C557C00238C41 /* upwind1st.cpp in Sources */ = {isa = PBXBuildFile; fileRef = E3E5AEBD1C1C557C00238C41 /* upwind1st.cpp */; };
		E3E5AEC21C1C564E00238C41 /* weno5z.cpp in Sources */ = {isa = PBXBuildFile; fileRef = E3E5AEC01C1C564E00238C41 /* weno5z.cpp */; };
		E3E61B0C1BD5395E00BADFDF /* fieldOperator.cpp in Sources */ = {isa = PBXBuildFile; fileRef = E3E61B0B1BD5395E00BADFDF /* fieldOperator.cpp */; };
/* End PBXBuildFile section */

/* Begin PBXCopyFilesBuildPhase section */
		E34642791BD131C9007BB96D /* CopyFiles */ = {
			isa = PBXCopyFilesBuildPhase;
			buildActionMask = 2147483647;
			dstPath = /usr/share/man/man1/;
			dstSubfolderSpec = 0;
			files = (
			);
			runOnlyForDeploymentPostprocessing = 1;
		};
/* End PBXCopyFilesBuildPhase section */

/* Begin PBXFileReference section */
		E30F019F1BD646440091F90C /* block.cpp */ = {isa = PBXFileReference; fileEncoding = 4; lastKnownFileType = sourcecode.cpp.cpp; name = block.cpp; path = src/block.cpp; sourceTree = SOURCE_ROOT; };
		E30F01A01BD646440091F90C /* block.h */ = {isa = PBXFileReference; fileEncoding = 4; lastKnownFileType = sourcecode.c.h; name = block.h; path = src/block.h; sourceTree = SOURCE_ROOT; };
		E30F01A21BD646F50091F90C /* singleBlock.cpp */ = {isa = PBXFileReference; fileEncoding = 4; lastKnownFileType = sourcecode.cpp.cpp; name = singleBlock.cpp; path = src/singleBlock.cpp; sourceTree = SOURCE_ROOT; };
		E30F01A31BD646F50091F90C /* singleBlock.h */ = {isa = PBXFileReference; fileEncoding = 4; lastKnownFileType = sourcecode.c.h; name = singleBlock.h; path = src/singleBlock.h; sourceTree = SOURCE_ROOT; };
		E3156F2C1C3AC1AD0001B3D2 /* postproc.cpp */ = {isa = PBXFileReference; fileEncoding = 4; lastKnownFileType = sourcecode.cpp.cpp; name = postproc.cpp; path = src/postproc.cpp; sourceTree = SOURCE_ROOT; };
		E3156F2D1C3AC1AD0001B3D2 /* postproc.hpp */ = {isa = PBXFileReference; fileEncoding = 4; lastKnownFileType = sourcecode.cpp.h; name = postproc.hpp; path = src/postproc.hpp; sourceTree = SOURCE_ROOT; };
		E346427B1BD131C9007BB96D /* NUC3d */ = {isa = PBXFileReference; explicitFileType = "compiled.mach-o.executable"; includeInIndex = 0; path = NUC3d; sourceTree = BUILT_PRODUCTS_DIR; };
		E34642861BD1329B007BB96D /* euler3d.cpp */ = {isa = PBXFileReference; fileEncoding = 4; lastKnownFileType = sourcecode.cpp.cpp; name = euler3d.cpp; path = src/euler3d.cpp; sourceTree = SOURCE_ROOT; };
		E34642871BD1329B007BB96D /* MPICommunicator.cpp */ = {isa = PBXFileReference; fileEncoding = 4; lastKnownFileType = sourcecode.cpp.cpp; name = MPICommunicator.cpp; path = src/MPICommunicator.cpp; sourceTree = SOURCE_ROOT; };
		E34642881BD1329B007BB96D /* MPICommunicator.h */ = {isa = PBXFileReference; fileEncoding = 4; lastKnownFileType = sourcecode.c.h; name = MPICommunicator.h; path = src/MPICommunicator.h; sourceTree = SOURCE_ROOT; };
		E34642891BD1329B007BB96D /* IOcontroller.cpp */ = {isa = PBXFileReference; fileEncoding = 4; lastKnownFileType = sourcecode.cpp.cpp; name = IOcontroller.cpp; path = src/IOcontroller.cpp; sourceTree = SOURCE_ROOT; };
		E346428A1BD1329B007BB96D /* euler3d.h */ = {isa = PBXFileReference; explicitFileType = sourcecode.cpp.h; fileEncoding = 4; name = euler3d.h; path = src/euler3d.h; sourceTree = SOURCE_ROOT; };
		E346428E1BD1329B007BB96D /* physicsModel.cpp */ = {isa = PBXFileReference; fileEncoding = 4; lastKnownFileType = sourcecode.cpp.cpp; name = physicsModel.cpp; path = src/physicsModel.cpp; sourceTree = SOURCE_ROOT; };
		E346428F1BD1329B007BB96D /* physicsModel.h */ = {isa = PBXFileReference; explicitFileType = sourcecode.cpp.h; fileEncoding = 4; name = physicsModel.h; path = src/physicsModel.h; sourceTree = SOURCE_ROOT; };
		E34642911BD1329B007BB96D /* IOcontroller.h */ = {isa = PBXFileReference; fileEncoding = 4; lastKnownFileType = sourcecode.c.h; name = IOcontroller.h; path = src/IOcontroller.h; sourceTree = SOURCE_ROOT; };
		E34642921BD1329B007BB96D /* fieldOperator.h */ = {isa = PBXFileReference; fileEncoding = 4; lastKnownFileType = sourcecode.c.h; name = fieldOperator.h; path = src/fieldOperator.h; sourceTree = SOURCE_ROOT; };
		E34642931BD1329B007BB96D /* MPICommunicatorBase.h */ = {isa = PBXFileReference; fileEncoding = 4; lastKnownFileType = sourcecode.c.h; name = MPICommunicatorBase.h; path = src/MPICommunicatorBase.h; sourceTree = SOURCE_ROOT; };
		E34642941BD1329B007BB96D /* field.h */ = {isa = PBXFileReference; fileEncoding = 4; lastKnownFileType = sourcecode.c.h; name = field.h; path = src/field.h; sourceTree = SOURCE_ROOT; };
		E34642961BD1329B007BB96D /* centraldifference6th.h */ = {isa = PBXFileReference; fileEncoding = 4; lastKnownFileType = sourcecode.c.h; name = centraldifference6th.h; path = src/centraldifference6th.h; sourceTree = SOURCE_ROOT; };
		E34642971BD1329B007BB96D /* TVD-RK3.h */ = {isa = PBXFileReference; fileEncoding = 4; lastKnownFileType = sourcecode.c.h; name = "TVD-RK3.h"; path = "src/TVD-RK3.h"; sourceTree = SOURCE_ROOT; };
		E34642981BD1329B007BB96D /* NUC3d.cpp */ = {isa = PBXFileReference; fileEncoding = 4; lastKnownFileType = sourcecode.cpp.cpp; name = NUC3d.cpp; path = src/NUC3d.cpp; sourceTree = SOURCE_ROOT; };
		E34642991BD1329B007BB96D /* centraldifference6th.cpp */ = {isa = PBXFileReference; fileEncoding = 4; lastKnownFileType = sourcecode.cpp.cpp; name = centraldifference6th.cpp; path = src/centraldifference6th.cpp; sourceTree = SOURCE_ROOT; };
		E346429B1BD1329B007BB96D /* TVD-RK3.cpp */ = {isa = PBXFileReference; fileEncoding = 4; lastKnownFileType = sourcecode.cpp.cpp; name = "TVD-RK3.cpp"; path = "src/TVD-RK3.cpp"; sourceTree = SOURCE_ROOT; };
		E346429C1BD1329B007BB96D /* weno5js.cpp */ = {isa = PBXFileReference; fileEncoding = 4; lastKnownFileType = sourcecode.cpp.cpp; name = weno5js.cpp; path = src/weno5js.cpp; sourceTree = SOURCE_ROOT; };
		E346429D1BD1329B007BB96D /* weno5js.h */ = {isa = PBXFileReference; fileEncoding = 4; lastKnownFileType = sourcecode.c.h; name = weno5js.h; path = src/weno5js.h; sourceTree = SOURCE_ROOT; };
		E346429E1BD1329B007BB96D /* field.cpp */ = {isa = PBXFileReference; fileEncoding = 4; lastKnownFileType = sourcecode.cpp.cpp; name = field.cpp; path = src/field.cpp; sourceTree = SOURCE_ROOT; };
		E346429F1BD1329B007BB96D /* MPICommunicatorBase.cpp */ = {isa = PBXFileReference; fileEncoding = 4; lastKnownFileType = sourcecode.cpp.cpp; name = MPICommunicatorBase.cpp; path = src/MPICommunicatorBase.cpp; sourceTree = SOURCE_ROOT; };
		E34642A01BD1329B007BB96D /* NUC3d.h */ = {isa = PBXFileReference; fileEncoding = 4; lastKnownFileType = sourcecode.c.h; name = NUC3d.h; path = src/NUC3d.h; sourceTree = SOURCE_ROOT; };
		E38279D31C1DC79D00CBAB14 /* centraldifference2nd.cpp */ = {isa = PBXFileReference; fileEncoding = 4; lastKnownFileType = sourcecode.cpp.cpp; name = centraldifference2nd.cpp; path = src/centraldifference2nd.cpp; sourceTree = SOURCE_ROOT; };
		E38279D41C1DC79D00CBAB14 /* centraldifference2nd.hpp */ = {isa = PBXFileReference; fileEncoding = 4; lastKnownFileType = sourcecode.cpp.h; name = centraldifference2nd.hpp; path = src/centraldifference2nd.hpp; sourceTree = SOURCE_ROOT; };
		E38692CB1BE8F945001FB4EA /* eulerReactive3d.cpp */ = {isa = PBXFileReference; fileEncoding = 4; lastKnownFileType = sourcecode.cpp.cpp; name = eulerReactive3d.cpp; path = src/eulerReactive3d.cpp; sourceTree = SOURCE_ROOT; };
		E38692CC1BE8F945001FB4EA /* eulerReactive3d.h */ = {isa = PBXFileReference; fileEncoding = 4; lastKnownFileType = sourcecode.c.h; name = eulerReactive3d.h; path = src/eulerReactive3d.h; sourceTree = SOURCE_ROOT; };
		E38692CE1BE8FA1E001FB4EA /* NaiverStokes3d.cpp */ = {isa = PBXFileReference; fileEncoding = 4; lastKnownFileType = sourcecode.cpp.cpp; name = NaiverStokes3d.cpp; path = src/NaiverStokes3d.cpp; sourceTree = SOURCE_ROOT; };
		E38692CF1BE8FA1E001FB4EA /* NaiverStokes3d.h */ = {isa = PBXFileReference; fileEncoding = 4; lastKnownFileType = sourcecode.c.h; name = NaiverStokes3d.h; path = src/NaiverStokes3d.h; sourceTree = SOURCE_ROOT; };
		E38692D11BE8FAF5001FB4EA /* NaiverStokesReactive3d.cpp */ = {isa = PBXFileReference; fileEncoding = 4; lastKnownFileType = sourcecode.cpp.cpp; name = NaiverStokesReactive3d.cpp; path = src/NaiverStokesReactive3d.cpp; sourceTree = SOURCE_ROOT; };
		E38692D21BE8FAF5001FB4EA /* NaiverStokesReactive3d.h */ = {isa = PBXFileReference; fileEncoding = 4; lastKnownFileType = sourcecode.c.h; name = NaiverStokesReactive3d.h; path = src/NaiverStokesReactive3d.h; sourceTree = SOURCE_ROOT; };
		E39F4BBB1C1E9B2C00690CB1 /* schemes.hpp */ = {isa = PBXFileReference; fileEncoding = 4; lastKnownFileType = sourcecode.cpp.h; name = schemes.hpp; path = src/schemes.hpp; sourceTree = SOURCE_ROOT; };
		E3A7AF451BEA1C2300385249 /* PDEData3d.cpp */ = {isa = PBXFileReference; fileEncoding = 4; lastKnownFileType = sourcecode.cpp.cpp; name = PDEData3d.cpp; path = src/PDEData3d.cpp; sourceTree = SOURCE_ROOT; };
		E3A7AF461BEA1C2300385249 /* PDEData3d.hpp */ = {isa = PBXFileReference; fileEncoding = 4; lastKnownFileType = sourcecode.cpp.h; name = PDEData3d.hpp; path = src/PDEData3d.hpp; sourceTree = SOURCE_ROOT; };
		E3A7C4EF1BEB18F300F84DBF /* bufferData.cpp */ = {isa = PBXFileReference; fileEncoding = 4; lastKnownFileType = sourcecode.cpp.cpp; name = bufferData.cpp; path = src/bufferData.cpp; sourceTree = SOURCE_ROOT; };
		E3A7C4F01BEB18F300F84DBF /* bufferData.hpp */ = {isa = PBXFileReference; fileEncoding = 4; lastKnownFileType = sourcecode.cpp.h; name = bufferData.hpp; path = src/bufferData.hpp; sourceTree = SOURCE_ROOT; };
		E3A7C4F21BEB1F7E00F84DBF /* boundaryConditions.cpp */ = {isa = PBXFileReference; fileEncoding = 4; lastKnownFileType = sourcecode.cpp.cpp; name = boundaryConditions.cpp; path = src/boundaryConditions.cpp; sourceTree = SOURCE_ROOT; };
		E3A7C4F31BEB1F7E00F84DBF /* boundaryConditions.hpp */ = {isa = PBXFileReference; fileEncoding = 4; lastKnownFileType = sourcecode.cpp.h; name = boundaryConditions.hpp; path = src/boundaryConditions.hpp; sourceTree = SOURCE_ROOT; };
		E3DAB3211C40C25000E255C1 /* boundaryScheme.cpp */ = {isa = PBXFileReference; fileEncoding = 4; lastKnownFileType = sourcecode.cpp.cpp; name = boundaryScheme.cpp; path = src/boundaryScheme.cpp; sourceTree = SOURCE_ROOT; };
		E3DAB3221C40C25000E255C1 /* boundaryScheme.hpp */ = {isa = PBXFileReference; fileEncoding = 4; lastKnownFileType = sourcecode.cpp.h; name = boundaryScheme.hpp; path = src/boundaryScheme.hpp; sourceTree = SOURCE_ROOT; };
		E3E5AEBD1C1C557C00238C41 /* upwind1st.cpp */ = {isa = PBXFileReference; fileEncoding = 4; lastKnownFileType = sourcecode.cpp.cpp; name = upwind1st.cpp; path = src/upwind1st.cpp; sourceTree = SOURCE_ROOT; };
		E3E5AEBE1C1C557C00238C41 /* upwind1st.hpp */ = {isa = PBXFileReference; fileEncoding = 4; lastKnownFileType = sourcecode.cpp.h; name = upwind1st.hpp; path = src/upwind1st.hpp; sourceTree = SOURCE_ROOT; };
		E3E5AEC01C1C564E00238C41 /* weno5z.cpp */ = {isa = PBXFileReference; fileEncoding = 4; lastKnownFileType = sourcecode.cpp.cpp; name = weno5z.cpp; path = src/weno5z.cpp; sourceTree = SOURCE_ROOT; };
		E3E5AEC11C1C564E00238C41 /* weno5z.hpp */ = {isa = PBXFileReference; fileEncoding = 4; lastKnownFileType = sourcecode.cpp.h; name = weno5z.hpp; path = src/weno5z.hpp; sourceTree = SOURCE_ROOT; };
		E3E61B0B1BD5395E00BADFDF /* fieldOperator.cpp */ = {isa = PBXFileReference; fileEncoding = 4; lastKnownFileType = sourcecode.cpp.cpp; name = fieldOperator.cpp; path = src/fieldOperator.cpp; sourceTree = SOURCE_ROOT; };
/* End PBXFileReference section */

/* Begin PBXFrameworksBuildPhase section */
		E34642781BD131C9007BB96D /* Frameworks */ = {
			isa = PBXFrameworksBuildPhase;
			buildActionMask = 2147483647;
			files = (
			);
			runOnlyForDeploymentPostprocessing = 0;
		};
/* End PBXFrameworksBuildPhase section */

/* Begin PBXGroup section */
		E3156F2B1C3AC18F0001B3D2 /* post */ = {
			isa = PBXGroup;
			children = (
				E3156F2C1C3AC1AD0001B3D2 /* postproc.cpp */,
				E3156F2D1C3AC1AD0001B3D2 /* postproc.hpp */,
			);
			name = post;
			sourceTree = "<group>";
		};
		E34642721BD131C9007BB96D = {
			isa = PBXGroup;
			children = (
				E346427D1BD131C9007BB96D /* NUC3d */,
				E346427C1BD131C9007BB96D /* Products */,
			);
			sourceTree = "<group>";
		};
		E346427C1BD131C9007BB96D /* Products */ = {
			isa = PBXGroup;
			children = (
				E346427B1BD131C9007BB96D /* NUC3d */,
			);
			name = Products;
			sourceTree = "<group>";
		};
		E346427D1BD131C9007BB96D /* NUC3d */ = {
			isa = PBXGroup;
			children = (
				E3156F2B1C3AC18F0001B3D2 /* post */,
				E34642B41BD13418007BB96D /* BoundaryConditions */,
				E34642AE1BD133BF007BB96D /* Field */,
				E34642B01BD133CD007BB96D /* FieldOperator */,
				E34642B21BD133E8007BB96D /* Grid */,
				E34642AF1BD133C6007BB96D /* IOcontroler */,
				E34642B31BD1340D007BB96D /* MPI */,
				E34642981BD1329B007BB96D /* NUC3d.cpp */,
				E34642A01BD1329B007BB96D /* NUC3d.h */,
				E34642B11BD133D8007BB96D /* PhysicsModel */,
			);
			path = NUC3d;
			sourceTree = "<group>";
		};
		E34642AE1BD133BF007BB96D /* Field */ = {
			isa = PBXGroup;
			children = (
				E346429E1BD1329B007BB96D /* field.cpp */,
				E34642941BD1329B007BB96D /* field.h */,
			);
			name = Field;
			sourceTree = "<group>";
		};
		E34642AF1BD133C6007BB96D /* IOcontroler */ = {
			isa = PBXGroup;
			children = (
				E34642891BD1329B007BB96D /* IOcontroller.cpp */,
				E34642911BD1329B007BB96D /* IOcontroller.h */,
			);
			name = IOcontroler;
			sourceTree = "<group>";
		};
		E34642B01BD133CD007BB96D /* FieldOperator */ = {
			isa = PBXGroup;
			children = (
				E34642991BD1329B007BB96D /* centraldifference6th.cpp */,
				E34642961BD1329B007BB96D /* centraldifference6th.h */,
				E3E61B0B1BD5395E00BADFDF /* fieldOperator.cpp */,
				E34642921BD1329B007BB96D /* fieldOperator.h */,
				E346429B1BD1329B007BB96D /* TVD-RK3.cpp */,
				E34642971BD1329B007BB96D /* TVD-RK3.h */,
				E346429C1BD1329B007BB96D /* weno5js.cpp */,
				E346429D1BD1329B007BB96D /* weno5js.h */,
				E3E5AEBD1C1C557C00238C41 /* upwind1st.cpp */,
				E3E5AEBE1C1C557C00238C41 /* upwind1st.hpp */,
				E3E5AEC01C1C564E00238C41 /* weno5z.cpp */,
				E3E5AEC11C1C564E00238C41 /* weno5z.hpp */,
				E38279D31C1DC79D00CBAB14 /* centraldifference2nd.cpp */,
				E38279D41C1DC79D00CBAB14 /* centraldifference2nd.hpp */,
				E39F4BBB1C1E9B2C00690CB1 /* schemes.hpp */,
				E3DAB3211C40C25000E255C1 /* boundaryScheme.cpp */,
				E3DAB3221C40C25000E255C1 /* boundaryScheme.hpp */,
			);
			name = FieldOperator;
			sourceTree = "<group>";
		};
		E34642B11BD133D8007BB96D /* PhysicsModel */ = {
			isa = PBXGroup;
			children = (
				E34642861BD1329B007BB96D /* euler3d.cpp */,
				E346428A1BD1329B007BB96D /* euler3d.h */,
				E346428E1BD1329B007BB96D /* physicsModel.cpp */,
				E346428F1BD1329B007BB96D /* physicsModel.h */,
				E38692CB1BE8F945001FB4EA /* eulerReactive3d.cpp */,
				E38692CC1BE8F945001FB4EA /* eulerReactive3d.h */,
				E38692CE1BE8FA1E001FB4EA /* NaiverStokes3d.cpp */,
				E38692CF1BE8FA1E001FB4EA /* NaiverStokes3d.h */,
				E38692D11BE8FAF5001FB4EA /* NaiverStokesReactive3d.cpp */,
				E38692D21BE8FAF5001FB4EA /* NaiverStokesReactive3d.h */,
				E3A7AF451BEA1C2300385249 /* PDEData3d.cpp */,
				E3A7AF461BEA1C2300385249 /* PDEData3d.hpp */,
			);
			name = PhysicsModel;
			sourceTree = "<group>";
		};
		E34642B21BD133E8007BB96D /* Grid */ = {
			isa = PBXGroup;
			children = (
				E30F019F1BD646440091F90C /* block.cpp */,
				E30F01A01BD646440091F90C /* block.h */,
				E30F01A21BD646F50091F90C /* singleBlock.cpp */,
				E30F01A31BD646F50091F90C /* singleBlock.h */,
			);
			name = Grid;
			sourceTree = "<group>";
		};
		E34642B31BD1340D007BB96D /* MPI */ = {
			isa = PBXGroup;
			children = (
				E34642871BD1329B007BB96D /* MPICommunicator.cpp */,
				E34642881BD1329B007BB96D /* MPICommunicator.h */,
				E346429F1BD1329B007BB96D /* MPICommunicatorBase.cpp */,
				E34642931BD1329B007BB96D /* MPICommunicatorBase.h */,
			);
			name = MPI;
			sourceTree = "<group>";
		};
		E34642B41BD13418007BB96D /* BoundaryConditions */ = {
			isa = PBXGroup;
			children = (
				E3A7C4EF1BEB18F300F84DBF /* bufferData.cpp */,
				E3A7C4F01BEB18F300F84DBF /* bufferData.hpp */,
				E3A7C4F21BEB1F7E00F84DBF /* boundaryConditions.cpp */,
				E3A7C4F31BEB1F7E00F84DBF /* boundaryConditions.hpp */,
			);
			name = BoundaryConditions;
			sourceTree = "<group>";
		};
/* End PBXGroup section */

/* Begin PBXNativeTarget section */
		E346427A1BD131C9007BB96D /* NUC3d */ = {
			isa = PBXNativeTarget;
			buildConfigurationList = E34642821BD131C9007BB96D /* Build configuration list for PBXNativeTarget "NUC3d" */;
			buildPhases = (
				E34642771BD131C9007BB96D /* Sources */,
				E34642781BD131C9007BB96D /* Frameworks */,
				E34642791BD131C9007BB96D /* CopyFiles */,
			);
			buildRules = (
			);
			dependencies = (
			);
			name = NUC3d;
			productName = NUC3d;
			productReference = E346427B1BD131C9007BB96D /* NUC3d */;
			productType = "com.apple.product-type.tool";
		};
/* End PBXNativeTarget section */

/* Begin PBXProject section */
		E34642731BD131C9007BB96D /* Project object */ = {
			isa = PBXProject;
			attributes = {
				LastUpgradeCheck = 0700;
				ORGANIZATIONNAME = "Jun Peng";
				TargetAttributes = {
					E346427A1BD131C9007BB96D = {
						CreatedOnToolsVersion = 7.0.1;
					};
				};
			};
			buildConfigurationList = E34642761BD131C9007BB96D /* Build configuration list for PBXProject "NUC3d" */;
			compatibilityVersion = "Xcode 3.2";
			developmentRegion = English;
			hasScannedForEncodings = 0;
			knownRegions = (
				en,
			);
			mainGroup = E34642721BD131C9007BB96D;
			productRefGroup = E346427C1BD131C9007BB96D /* Products */;
			projectDirPath = "";
			projectRoot = "";
			targets = (
				E346427A1BD131C9007BB96D /* NUC3d */,
			);
		};
/* End PBXProject section */

/* Begin PBXSourcesBuildPhase section */
		E34642771BD131C9007BB96D /* Sources */ = {
			isa = PBXSourcesBuildPhase;
			buildActionMask = 2147483647;
			files = (
				E34642A21BD1329B007BB96D /* euler3d.cpp in Sources */,
				E34642A91BD1329B007BB96D /* centraldifference6th.cpp in Sources */,
				E3A7C4F41BEB1F7E00F84DBF /* boundaryConditions.cpp in Sources */,
				E34642A41BD1329B007BB96D /* IOcontroller.cpp in Sources */,
				E3DAB3231C40C25000E255C1 /* boundaryScheme.cpp in Sources */,
				E30F01A41BD646F50091F90C /* singleBlock.cpp in Sources */,
				E34642AA1BD1329B007BB96D /* TVD-RK3.cpp in Sources */,
				E30F01A11BD646440091F90C /* block.cpp in Sources */,
				E3156F2E1C3AC1AD0001B3D2 /* postproc.cpp in Sources */,
				E34642AC1BD1329B007BB96D /* field.cpp in Sources */,
				E38692D31BE8FAF5001FB4EA /* NaiverStokesReactive3d.cpp in Sources */,
				E38279D51C1DC79D00CBAB14 /* centraldifference2nd.cpp in Sources */,
				E3E5AEBF1C1C557C00238C41 /* upwind1st.cpp in Sources */,
				E34642AD1BD1329B007BB96D /* MPICommunicatorBase.cpp in Sources */,
				E3A7C4F11BEB18F300F84DBF /* bufferData.cpp in Sources */,
				E34642A31BD1329B007BB96D /* MPICommunicator.cpp in Sources */,
				E38692CD1BE8F945001FB4EA /* eulerReactive3d.cpp in Sources */,
				E34642AB1BD1329B007BB96D /* weno5js.cpp in Sources */,
				E3E61B0C1BD5395E00BADFDF /* fieldOperator.cpp in Sources */,
				E34642A61BD1329B007BB96D /* physicsModel.cpp in Sources */,
				E3E5AEC21C1C564E00238C41 /* weno5z.cpp in Sources */,
				E34642A81BD1329B007BB96D /* NUC3d.cpp in Sources */,
				E38692D01BE8FA1E001FB4EA /* NaiverStokes3d.cpp in Sources */,
				E3A7AF471BEA1C2300385249 /* PDEData3d.cpp in Sources */,
			);
			runOnlyForDeploymentPostprocessing = 0;
		};
/* End PBXSourcesBuildPhase section */

/* Begin XCBuildConfiguration section */
		E34642801BD131C9007BB96D /* Debug */ = {
			isa = XCBuildConfiguration;
			buildSettings = {
				ALWAYS_SEARCH_USER_PATHS = NO;
				CLANG_CXX_LANGUAGE_STANDARD = "gnu++0x";
				CLANG_CXX_LIBRARY = "libc++";
				CLANG_ENABLE_MODULES = YES;
				CLANG_ENABLE_OBJC_ARC = YES;
				CLANG_WARN_BOOL_CONVERSION = YES;
				CLANG_WARN_CONSTANT_CONVERSION = YES;
				CLANG_WARN_DIRECT_OBJC_ISA_USAGE = YES_ERROR;
				CLANG_WARN_EMPTY_BODY = YES;
				CLANG_WARN_ENUM_CONVERSION = YES;
				CLANG_WARN_INT_CONVERSION = YES;
				CLANG_WARN_OBJC_ROOT_CLASS = YES_ERROR;
				CLANG_WARN_UNREACHABLE_CODE = YES;
				CLANG_WARN__DUPLICATE_METHOD_MATCH = YES;
				COPY_PHASE_STRIP = NO;
				DEBUG_INFORMATION_FORMAT = dwarf;
				ENABLE_STRICT_OBJC_MSGSEND = YES;
				ENABLE_TESTABILITY = YES;
				GCC_C_LANGUAGE_STANDARD = gnu99;
				GCC_DYNAMIC_NO_PIC = NO;
				GCC_NO_COMMON_BLOCKS = YES;
				GCC_OPTIMIZATION_LEVEL = 0;
				GCC_PREPROCESSOR_DEFINITIONS = (
					"DEBUG=1",
					"$(inherited)",
				);
				GCC_WARN_64_TO_32_BIT_CONVERSION = YES;
				GCC_WARN_ABOUT_RETURN_TYPE = YES_ERROR;
				GCC_WARN_UNDECLARED_SELECTOR = YES;
				GCC_WARN_UNINITIALIZED_AUTOS = YES_AGGRESSIVE;
				GCC_WARN_UNUSED_FUNCTION = YES;
				GCC_WARN_UNUSED_VARIABLE = YES;
				MACOSX_DEPLOYMENT_TARGET = 10.11;
				MTL_ENABLE_DEBUG_INFO = YES;
				ONLY_ACTIVE_ARCH = YES;
				SDKROOT = macosx;
			};
			name = Debug;
		};
		E34642811BD131C9007BB96D /* Release */ = {
			isa = XCBuildConfiguration;
			buildSettings = {
				ALWAYS_SEARCH_USER_PATHS = NO;
				CLANG_CXX_LANGUAGE_STANDARD = "gnu++0x";
				CLANG_CXX_LIBRARY = "libc++";
				CLANG_ENABLE_MODULES = YES;
				CLANG_ENABLE_OBJC_ARC = YES;
				CLANG_WARN_BOOL_CONVERSION = YES;
				CLANG_WARN_CONSTANT_CONVERSION = YES;
				CLANG_WARN_DIRECT_OBJC_ISA_USAGE = YES_ERROR;
				CLANG_WARN_EMPTY_BODY = YES;
				CLANG_WARN_ENUM_CONVERSION = YES;
				CLANG_WARN_INT_CONVERSION = YES;
				CLANG_WARN_OBJC_ROOT_CLASS = YES_ERROR;
				CLANG_WARN_UNREACHABLE_CODE = YES;
				CLANG_WARN__DUPLICATE_METHOD_MATCH = YES;
				COPY_PHASE_STRIP = NO;
				DEBUG_INFORMATION_FORMAT = "dwarf-with-dsym";
				ENABLE_NS_ASSERTIONS = NO;
				ENABLE_STRICT_OBJC_MSGSEND = YES;
				GCC_C_LANGUAGE_STANDARD = gnu99;
				GCC_NO_COMMON_BLOCKS = YES;
				GCC_WARN_64_TO_32_BIT_CONVERSION = YES;
				GCC_WARN_ABOUT_RETURN_TYPE = YES_ERROR;
				GCC_WARN_UNDECLARED_SELECTOR = YES;
				GCC_WARN_UNINITIALIZED_AUTOS = YES_AGGRESSIVE;
				GCC_WARN_UNUSED_FUNCTION = YES;
				GCC_WARN_UNUSED_VARIABLE = YES;
				MACOSX_DEPLOYMENT_TARGET = 10.11;
				MTL_ENABLE_DEBUG_INFO = NO;
				SDKROOT = macosx;
			};
			name = Release;
		};
		E34642831BD131C9007BB96D /* Debug */ = {
			isa = XCBuildConfiguration;
			buildSettings = {
				"HEADER_SEARCH_PATHS[arch=*]" = "";
				PRODUCT_NAME = "$(TARGET_NAME)";
				"USER_HEADER_SEARCH_PATHS[arch=*]" = "/usr/local/include/**";
			};
			name = Debug;
		};
		E34642841BD131C9007BB96D /* Release */ = {
			isa = XCBuildConfiguration;
			buildSettings = {
				PRODUCT_NAME = "$(TARGET_NAME)";
				"USER_HEADER_SEARCH_PATHS[arch=*]" = "/usr/local/include/**";
			};
			name = Release;
		};
/* End XCBuildConfiguration section */

/* Begin XCConfigurationList section */
		E34642761BD131C9007BB96D /* Build configuration list for PBXProject "NUC3d" */ = {
			isa = XCConfigurationList;
			buildConfigurations = (
				E34642801BD131C9007BB96D /* Debug */,
				E34642811BD131C9007BB96D /* Release */,
			);
			defaultConfigurationIsVisible = 0;
			defaultConfigurationName = Release;
		};
		E34642821BD131C9007BB96D /* Build configuration list for PBXNativeTarget "NUC3d" */ = {
			isa = XCConfigurationList;
			buildConfigurations = (
				E34642831BD131C9007BB96D /* Debug */,
				E34642841BD131C9007BB96D /* Release */,
			);
			defaultConfigurationIsVisible = 0;
			defaultConfigurationName = Release;
		};
/* End XCConfigurationList section */
	};
	rootObject = E34642731BD131C9007BB96D /* Project object */;
}
